
Microsoft Visual Studio Solution File, Format Version 12.00
# Visual Studio Version 17
VisualStudioVersion = 17.3.32929.385
MinimumVisualStudioVersion = 10.0.40219.1
Project("{FAE04EC0-301F-11D3-BF4B-00C04F79EFBC}") = "WindowsFormsAppEnergiaital", "WindowsFormsAppEnergiaital\WindowsFormsAppEnergiaital.csproj", "{AC29945E-085D-4B84-BB60-F6364032F83A}"
EndProject
Global
	GlobalSection(SolutionConfigurationPlatforms) = preSolution
		Debug|Any CPU = Debug|Any CPU
		Release|Any CPU = Release|Any CPU
	EndGlobalSection
	GlobalSection(ProjectConfigurationPlatforms) = postSolution
		{AC29945E-085D-4B84-BB60-F6364032F83A}.Debug|Any CPU.ActiveCfg = Debug|Any CPU
		{AC29945E-085D-4B84-BB60-F6364032F83A}.Debug|Any CPU.Build.0 = Debug|Any CPU
		{AC29945E-085D-4B84-BB60-F6364032F83A}.Release|Any CPU.ActiveCfg = Release|Any CPU
		{AC29945E-085D-4B84-BB60-F6364032F83A}.Release|Any CPU.Build.0 = Release|Any CPU
	EndGlobalSection
	GlobalSection(SolutionProperties) = preSolution
		HideSolutionNode = FALSE
	EndGlobalSection
	GlobalSection(ExtensibilityGlobals) = postSolution
		SolutionGuid = {8154858F-286A-418A-B6D5-6A260674B4C2}
	EndGlobalSection
EndGlobal
